PODS:
  - AFNetworking (3.2.1):
    - AFNetworking/NSURLSession (= 3.2.1)
    - AFNetworking/Reachability (= 3.2.1)
    - AFNetworking/Security (= 3.2.1)
    - AFNetworking/Serialization (= 3.2.1)
    - AFNetworking/UIKit (= 3.2.1)
  - AFNetworking/NSURLSession (3.2.1):
    - AFNetworking/Reachability
    - AFNetworking/Security
    - AFNetworking/Serialization
  - AFNetworking/Reachability (3.2.1)
  - AFNetworking/Security (3.2.1)
  - AFNetworking/Serialization (3.2.1)
  - AFNetworking/UIKit (3.2.1):
    - AFNetworking/NSURLSession
  - AxcAE_TabBar (1.0.5)
  - FMDB (2.7.5):
    - FMDB/standard (= 2.7.5)
  - FMDB/standard (2.7.5)
  - IQKeyboardManager (6.5.0)
  - JCore (2.1.4)
  - JPush (3.2.6):
    - JCore (< 3.0.0, >= 2.0.0)
  - JVFloatLabeledTextField (1.2.2)
  - Masonry (1.1.0)
  - MBProgressHUD (1.0.0)
  - MJExtension (3.2.1)
  - MJRefresh (3.2.0)
  - ReactiveObjC (3.1.1)
  - RongCloudIM (2.9.25):
    - RongCloudIM/IMKit (= 2.9.25)
    - RongCloudIM/IMLib (= 2.9.25)
    - RongCloudIM/RedPacket (= 2.9.25)
    - RongCloudIM/RongSticker (= 2.9.25)
    - RongCloudIM/Sight (= 2.9.25)
  - RongCloudIM/IMKit (2.9.25):
    - RongCloudIM/IMLib
  - RongCloudIM/IMLib (2.9.25)
  - RongCloudIM/RedPacket (2.9.25):
    - RongCloudIM/IMKit
  - RongCloudIM/RongSticker (2.9.25):
    - RongCloudIM/IMKit
  - RongCloudIM/Sight (2.9.25):
    - RongCloudIM/IMLib
  - RongCloudRTC (2.9.25):
    - RongCloudRTC/RongCallKit (= 2.9.25)
    - RongCloudRTC/RongCallLib (= 2.9.25)
  - RongCloudRTC/RongCallKit (2.9.25):
    - RongCloudIM/IMKit (~> 2.9.25)
    - RongCloudIM/IMLib (~> 2.9.25)
    - RongCloudRTC/RongCallLib
  - RongCloudRTC/RongCallLib (2.9.25):
    - RongCloudIM/IMLib (~> 2.9.25)
  - SDAutoLayout (2.2.1)
  - SDWebImage (4.1.2):
    - SDWebImage/Core (= 4.1.2)
  - SDWebImage/Core (4.1.2)
  - SGAdvertScrollView (1.2.7):
    - SDWebImage (~> 4.1.0)
  - SGPagingView (1.6.7)
  - SVProgressHUD (2.2.5)
  - UMCAnalytics (6.0.5):
    - UMCCommon
  - UMCCommon (2.1.1)
  - UMCCommonLog (1.0.0)
  - UMCErrorCatch (1.0.0):
    - UMCCommon
  - UMCShare/Core (6.9.6):
    - UMCCommon
  - UMCShare/Social/ReducedQQ (6.9.6):
    - UMCCommon
    - UMCShare/Core
  - UMCShare/Social/ReducedWeChat (6.9.6):
    - UMCCommon
    - UMCShare/Core
  - UMCShare/UI (6.9.6):
    - UMCCommon
    - UMCShare/Core
  - YTKKeyValueStore (0.1.2):
    - FMDB (~> 2.0)
  - YTKNetwork (2.0.4):
    - AFNetworking (~> 3.0)
  - YYKit (1.0.9):
    - YYKit/no-arc (= 1.0.9)
  - YYKit/no-arc (1.0.9)

DEPENDENCIES:
  - AxcAE_TabBar
  - IQKeyboardManager
  - JPush
  - JVFloatLabeledTextField
  - Masonry
  - MBProgressHUD (~> 1.0.0)
  - MJExtension
  - MJRefresh
  - ReactiveObjC
  - RongCloudIM (~> 2.9.25)
  - RongCloudRTC (~> 2.9.25)
  - SDAutoLayout
  - SDWebImage
  - SGAdvertScrollView
  - SGPagingView
  - SVProgressHUD
  - UMCAnalytics
  - UMCCommon
  - UMCCommonLog
  - UMCErrorCatch
  - UMCShare/Social/ReducedQQ
  - UMCShare/Social/ReducedWeChat
  - UMCShare/UI
  - YTKKeyValueStore
  - YTKNetwork
  - YYKit

SPEC REPOS:
  trunk:
    - AFNetworking
    - AxcAE_TabBar
    - FMDB
    - IQKeyboardManager
    - JCore
    - JPush
    - JVFloatLabeledTextField
    - Masonry
    - MBProgressHUD
    - MJExtension
    - MJRefresh
    - ReactiveObjC
    - RongCloudIM
    - RongCloudRTC
    - SDAutoLayout
    - SDWebImage
    - SGAdvertScrollView
    - SGPagingView
    - SVProgressHUD
    - UMCAnalytics
    - UMCCommon
    - UMCCommonLog
    - UMCErrorCatch
    - UMCShare
    - YTKKeyValueStore
    - YTKNetwork
    - YYKit

SPEC CHECKSUMS:
  AFNetworking: b6f891fdfaed196b46c7a83cf209e09697b94057
  AxcAE_TabBar: 1d5bcf6c4921889dc38839b6ba2c584a9b55251a
  FMDB: 2ce00b547f966261cd18927a3ddb07cb6f3db82a
  IQKeyboardManager: 700e5155d6a292383b54e8678aec769e14fc78fc
  JCore: d345c049141877eb61c33011455fdb5fcab1673f
  JPush: 41dd48a69bd8c08abc692dc7f2b23c0fb281471f
  JVFloatLabeledTextField: df48598472ee015701d509f43e59492a0d4ca208
  Masonry: 678fab65091a9290e40e2832a55e7ab731aad201
  MBProgressHUD: 4890f671c94e8a0f3cf959aa731e9de2f036d71a
  MJExtension: 635f2c663dcb1bf76fa4b715b2570a5710aec545
  MJRefresh: ed450d6eb9d3346a2cb033ab7eb6de090aeef437
  ReactiveObjC: 011caa393aa0383245f2dcf9bf02e86b80b36040
  RongCloudIM: cd6836aa86fbf6c02f7b6b5c895ea4caa894d67f
  RongCloudRTC: 561024c315d3726a67e718fb99b59e50e4a5ee6c
  SDAutoLayout: 8bf6b3bbc8b01f775d4defbb4fda2ace805461be
  SDWebImage: cb6f9f266a9977741efcbc21e618e8be3734c774
  SGAdvertScrollView: b1accd4ba84e8592f08f18df10174c98ea249d11
  SGPagingView: 21152cbb9e25a7259ea2415b028c22f55f362ea2
  SVProgressHUD: 1428aafac632c1f86f62aa4243ec12008d7a51d6
  UMCAnalytics: 045be2cd1ec05aa95ad62405a850757f932e2d59
  UMCCommon: 971f324a5a99c9d662ae040a815e7e3d7ef8b2a8
  UMCCommonLog: 05a2d5de21858e3d870551562cff405c1366d244
  UMCErrorCatch: 51f1b68f920233e90a3fa6d51f0456174507ec78
  UMCShare: e0cef55c0fd6051254c8cda1d0630eb578b27bad
  YTKKeyValueStore: 4d002941540dd5108fa23009b71e0f2f937f7a0f
  YTKNetwork: df8a7a5597bda1664a4efaa7ef871a818a887fe0
  YYKit: 7cda43304a8dc3696c449041e2cb3107b4e236e7

PODFILE CHECKSUM: e5baed2d0059acedded6662a803dc5324cf495ad

COCOAPODS: 1.8.3
